// !$*UTF8*$!
{
	archiveVersion = 1;
	classes = {
	};
	objectVersion = 77;
	objects = {

/* Begin PBXContainerItemProxy section */
		35D510162D7A5B6300789A0F /* PBXContainerItemProxy */ = {
			isa = PBXContainerItemProxy;
			containerPortal = 35D50FFD2D7A5B6100789A0F /* Project object */;
			proxyType = 1;
			remoteGlobalIDString = 35D510042D7A5B6100789A0F;
			remoteInfo = Smartnap;
		};
		35D510202D7A5B6300789A0F /* PBXContainerItemProxy */ = {
			isa = PBXContainerItemProxy;
			containerPortal = 35D50FFD2D7A5B6100789A0F /* Project object */;
			proxyType = 1;
			remoteGlobalIDString = 35D510042D7A5B6100789A0F;
			remoteInfo = Smartnap;
		};
/* End PBXContainerItemProxy section */

/* Begin PBXFileReference section */
		35D510052D7A5B6100789A0F /* Smartnap.app */ = {isa = PBXFileReference; explicitFileType = wrapper.application; includeInIndex = 0; path = Smartnap.app; sourceTree = BUILT_PRODUCTS_DIR; };
		35D510152D7A5B6300789A0F /* SmartnapTests.xctest */ = {isa = PBXFileReference; explicitFileType = wrapper.cfbundle; includeInIndex = 0; path = SmartnapTests.xctest; sourceTree = BUILT_PRODUCTS_DIR; };
		35D5101F2D7A5B6300789A0F /* SmartnapUITests.xctest */ = {isa = PBXFileReference; explicitFileType = wrapper.cfbundle; includeInIndex = 0; path = SmartnapUITests.xctest; sourceTree = BUILT_PRODUCTS_DIR; };
/* End PBXFileReference section */

/* Begin PBXFileSystemSynchronizedBuildFileExceptionSet section */
		35D5105F2D7A602400789A0F /* Exceptions for "Smartnap" folder in "Smartnap" target */ = {
			isa = PBXFileSystemSynchronizedBuildFileExceptionSet;
			membershipExceptions = (
				Info.plist,
			);
			target = 35D510042D7A5B6100789A0F /* Smartnap */;
		};
/* End PBXFileSystemSynchronizedBuildFileExceptionSet section */

/* Begin PBXFileSystemSynchronizedRootGroup section */
		35D510072D7A5B6100789A0F /* Smartnap */ = {
			isa = PBXFileSystemSynchronizedRootGroup;
			exceptions = (
				35D5105F2D7A602400789A0F /* Exceptions for "Smartnap" folder in "Smartnap" target */,
			);
			path = Smartnap;
			sourceTree = "<group>";
		};
		35D510182D7A5B6300789A0F /* SmartnapTests */ = {
			isa = PBXFileSystemSynchronizedRootGroup;
			path = SmartnapTests;
			sourceTree = "<group>";
		};
		35D510222D7A5B6300789A0F /* SmartnapUITests */ = {
			isa = PBXFileSystemSynchronizedRootGroup;
			path = SmartnapUITests;
			sourceTree = "<group>";
		};
		35D5103B2D7A5C7B00789A0F /* Views */ = {
			isa = PBXFileSystemSynchronizedRootGroup;
			path = Views;
			sourceTree = "<group>";
		};
		35D5103E2D7A5CAE00789A0F /* Models */ = {
			isa = PBXFileSystemSynchronizedRootGroup;
			path = Models;
			sourceTree = "<group>";
		};
		35D5103F2D7A5CD500789A0F /* Managers */ = {
			isa = PBXFileSystemSynchronizedRootGroup;
			path = Managers;
			sourceTree = "<group>";
		};
/* End PBXFileSystemSynchronizedRootGroup section */

/* Begin PBXFrameworksBuildPhase section */
		35D510022D7A5B6100789A0F /* Frameworks */ = {
			isa = PBXFrameworksBuildPhase;
			buildActionMask = 2147483647;
			files = (
			);
			runOnlyForDeploymentPostprocessing = 0;
		};
		35D510122D7A5B6300789A0F /* Frameworks */ = {
			isa = PBXFrameworksBuildPhase;
			buildActionMask = 2147483647;
			files = (
			);
			runOnlyForDeploymentPostprocessing = 0;
		};
		35D5101C2D7A5B6300789A0F /* Frameworks */ = {
			isa = PBXFrameworksBuildPhase;
			buildActionMask = 2147483647;
			files = (
			);
			runOnlyForDeploymentPostprocessing = 0;
		};
/* End PBXFrameworksBuildPhase section */

/* Begin PBXGroup section */
		35D50FFC2D7A5B6100789A0F = {
			isa = PBXGroup;
			children = (
				35D510072D7A5B6100789A0F /* Smartnap */,
				35D510182D7A5B6300789A0F /* SmartnapTests */,
				35D510222D7A5B6300789A0F /* SmartnapUITests */,
				35D510062D7A5B6100789A0F /* Products */,
				35D5103B2D7A5C7B00789A0F /* Views */,
				35D5103E2D7A5CAE00789A0F /* Models */,
				35D5103F2D7A5CD500789A0F /* Managers */,
			);
			sourceTree = "<group>";
		};
		35D510062D7A5B6100789A0F /* Products */ = {
			isa = PBXGroup;
			children = (
				35D510052D7A5B6100789A0F /* Smartnap.app */,
				35D510152D7A5B6300789A0F /* SmartnapTests.xctest */,
				35D5101F2D7A5B6300789A0F /* SmartnapUITests.xctest */,
			);
			name = Products;
			sourceTree = "<group>";
		};
/* End PBXGroup section */

/* Begin PBXNativeTarget section */
		35D510042D7A5B6100789A0F /* Smartnap */ = {
			isa = PBXNativeTarget;
			buildConfigurationList = 35D510292D7A5B6300789A0F /* Build configuration list for PBXNativeTarget "Smartnap" */;
			buildPhases = (
				35D510012D7A5B6100789A0F /* Sources */,
				35D510022D7A5B6100789A0F /* Frameworks */,
				35D510032D7A5B6100789A0F /* Resources */,
			);
			buildRules = (
			);
			dependencies = (
			);
			fileSystemSynchronizedGroups = (
				35D510072D7A5B6100789A0F /* Smartnap */,
				35D5103B2D7A5C7B00789A0F /* Views */,
				35D5103E2D7A5CAE00789A0F /* Models */,
				35D5103F2D7A5CD500789A0F /* Managers */,
			);
			name = Smartnap;
			packageProductDependencies = (
			);
			productName = Smartnap;
			productReference = 35D510052D7A5B6100789A0F /* Smartnap.app */;
			productType = "com.apple.product-type.application";
		};
		35D510142D7A5B6300789A0F /* SmartnapTests */ = {
			isa = PBXNativeTarget;
			buildConfigurationList = 35D5102C2D7A5B6300789A0F /* Build configuration list for PBXNativeTarget "SmartnapTests" */;
			buildPhases = (
				35D510112D7A5B6300789A0F /* Sources */,
				35D510122D7A5B6300789A0F /* Frameworks */,
				35D510132D7A5B6300789A0F /* Resources */,
			);
			buildRules = (
			);
			dependencies = (
				35D510172D7A5B6300789A0F /* PBXTargetDependency */,
			);
			fileSystemSynchronizedGroups = (
				35D510182D7A5B6300789A0F /* SmartnapTests */,
			);
			name = SmartnapTests;
			packageProductDependencies = (
			);
			productName = SmartnapTests;
			productReference = 35D510152D7A5B6300789A0F /* SmartnapTests.xctest */;
			productType = "com.apple.product-type.bundle.unit-test";
		};
		35D5101E2D7A5B6300789A0F /* SmartnapUITests */ = {
			isa = PBXNativeTarget;
			buildConfigurationList = 35D5102F2D7A5B6300789A0F /* Build configuration list for PBXNativeTarget "SmartnapUITests" */;
			buildPhases = (
				35D5101B2D7A5B6300789A0F /* Sources */,
				35D5101C2D7A5B6300789A0F /* Frameworks */,
				35D5101D2D7A5B6300789A0F /* Resources */,
			);
			buildRules = (
			);
			dependencies = (
				35D510212D7A5B6300789A0F /* PBXTargetDependency */,
			);
			fileSystemSynchronizedGroups = (
				35D510222D7A5B6300789A0F /* SmartnapUITests */,
			);
			name = SmartnapUITests;
			packageProductDependencies = (
			);
			productName = SmartnapUITests;
			productReference = 35D5101F2D7A5B6300789A0F /* SmartnapUITests.xctest */;
			productType = "com.apple.product-type.bundle.ui-testing";
		};
/* End PBXNativeTarget section */

/* Begin PBXProject section */
		35D50FFD2D7A5B6100789A0F /* Project object */ = {
			isa = PBXProject;
			attributes = {
				BuildIndependentTargetsInParallel = 1;
				LastSwiftUpdateCheck = 1620;
				LastUpgradeCheck = 1620;
				TargetAttributes = {
					35D510042D7A5B6100789A0F = {
						CreatedOnToolsVersion = 16.2;
					};
					35D510142D7A5B6300789A0F = {
						CreatedOnToolsVersion = 16.2;
						TestTargetID = 35D510042D7A5B6100789A0F;
					};
					35D5101E2D7A5B6300789A0F = {
						CreatedOnToolsVersion = 16.2;
						TestTargetID = 35D510042D7A5B6100789A0F;
					};
				};
			};
			buildConfigurationList = 35D510002D7A5B6100789A0F /* Build configuration list for PBXProject "Smartnap" */;
			developmentRegion = en;
			hasScannedForEncodings = 0;
			knownRegions = (
				en,
				Base,
			);
			mainGroup = 35D50FFC2D7A5B6100789A0F;
			minimizedProjectReferenceProxies = 1;
			preferredProjectObjectVersion = 77;
			productRefGroup = 35D510062D7A5B6100789A0F /* Products */;
			projectDirPath = "";
			projectRoot = "";
			targets = (
				35D510042D7A5B6100789A0F /* Smartnap */,
				35D510142D7A5B6300789A0F /* SmartnapTests */,
				35D5101E2D7A5B6300789A0F /* SmartnapUITests */,
			);
		};
/* End PBXProject section */

/* Begin PBXResourcesBuildPhase section */
		35D510032D7A5B6100789A0F /* Resources */ = {
			isa = PBXResourcesBuildPhase;
			buildActionMask = 2147483647;
			files = (
			);
			runOnlyForDeploymentPostprocessing = 0;
		};
		35D510132D7A5B6300789A0F /* Resources */ = {
			isa = PBXResourcesBuildPhase;
			buildActionMask = 2147483647;
			files = (
			);
			runOnlyForDeploymentPostprocessing = 0;
		};
		35D5101D2D7A5B6300789A0F /* Resources */ = {
			isa = PBXResourcesBuildPhase;
			buildActionMask = 2147483647;
			files = (
			);
			runOnlyForDeploymentPostprocessing = 0;
		};
/* End PBXResourcesBuildPhase section */

/* Begin PBXSourcesBuildPhase section */
		35D510012D7A5B6100789A0F /* Sources */ = {
			isa = PBXSourcesBuildPhase;
			buildActionMask = 2147483647;
			files = (
			);
			runOnlyForDeploymentPostprocessing = 0;
		};
		35D510112D7A5B6300789A0F /* Sources */ = {
			isa = PBXSourcesBuildPhase;
			buildActionMask = 2147483647;
			files = (
			);
			runOnlyForDeploymentPostprocessing = 0;
		};
		35D5101B2D7A5B6300789A0F /* Sources */ = {
			isa = PBXSourcesBuildPhase;
			buildActionMask = 2147483647;
			files = (
			);
			runOnlyForDeploymentPostprocessing = 0;
		};
/* End PBXSourcesBuildPhase section */

/* Begin PBXTargetDependency section */
		35D510172D7A5B6300789A0F /* PBXTargetDependency */ = {
			isa = PBXTargetDependency;
			target = 35D510042D7A5B6100789A0F /* Smartnap */;
			targetProxy = 35D510162D7A5B6300789A0F /* PBXContainerItemProxy */;
		};
		35D510212D7A5B6300789A0F /* PBXTargetDependency */ = {
			isa = PBXTargetDependency;
			target = 35D510042D7A5B6100789A0F /* Smartnap */;
			targetProxy = 35D510202D7A5B6300789A0F /* PBXContainerItemProxy */;
		};
/* End PBXTargetDependency section */

/* Begin XCBuildConfiguration section */
		35D510272D7A5B6300789A0F /* Debug */ = {
			isa = XCBuildConfiguration;
			buildSettings = {
				ALWAYS_SEARCH_USER_PATHS = NO;
				ASSETCATALOG_COMPILER_GENERATE_SWIFT_ASSET_SYMBOL_EXTENSIONS = YES;
				CLANG_ANALYZER_NONNULL = YES;
				CLANG_ANALYZER_NUMBER_OBJECT_CONVERSION = YES_AGGRESSIVE;
				CLANG_CXX_LANGUAGE_STANDARD = "gnu++20";
				CLANG_ENABLE_MODULES = YES;
				CLANG_ENABLE_OBJC_ARC = YES;
				CLANG_ENABLE_OBJC_WEAK = YES;
				CLANG_WARN_BLOCK_CAPTURE_AUTORELEASING = YES;
				CLANG_WARN_BOOL_CONVERSION = YES;
				CLANG_WARN_COMMA = YES;
				CLANG_WARN_CONSTANT_CONVERSION = YES;
				CLANG_WARN_DEPRECATED_OBJC_IMPLEMENTATIONS = YES;
				CLANG_WARN_DIRECT_OBJC_ISA_USAGE = YES_ERROR;
				CLANG_WARN_DOCUMENTATION_COMMENTS = YES;
				CLANG_WARN_EMPTY_BODY = YES;
				CLANG_WARN_ENUM_CONVERSION = YES;
				CLANG_WARN_INFINITE_RECURSION = YES;
				CLANG_WARN_INT_CONVERSION = YES;
				CLANG_WARN_NON_LITERAL_NULL_CONVERSION = YES;
				CLANG_WARN_OBJC_IMPLICIT_RETAIN_SELF = YES;
				CLANG_WARN_OBJC_LITERAL_CONVERSION = YES;
				CLANG_WARN_OBJC_ROOT_CLASS = YES_ERROR;
				CLANG_WARN_QUOTED_INCLUDE_IN_FRAMEWORK_HEADER = YES;
				CLANG_WARN_RANGE_LOOP_ANALYSIS = YES;
				CLANG_WARN_STRICT_PROTOTYPES = YES;
				CLANG_WARN_SUSPICIOUS_MOVE = YES;
				CLANG_WARN_UNGUARDED_AVAILABILITY = YES_AGGRESSIVE;
				CLANG_WARN_UNREACHABLE_CODE = YES;
				CLANG_WARN__DUPLICATE_METHOD_MATCH = YES;
				COPY_PHASE_STRIP = NO;
				DEBUG_INFORMATION_FORMAT = dwarf;
				ENABLE_STRICT_OBJC_MSGSEND = YES;
				ENABLE_TESTABILITY = YES;
				ENABLE_USER_SCRIPT_SANDBOXING = YES;
				GCC_C_LANGUAGE_STANDARD = gnu17;
				GCC_DYNAMIC_NO_PIC = NO;
				GCC_NO_COMMON_BLOCKS = YES;
				GCC_OPTIMIZATION_LEVEL = 0;
				GCC_PREPROCESSOR_DEFINITIONS = (
					"DEBUG=1",
					"$(inherited)",
				);
				GCC_WARN_64_TO_32_BIT_CONVERSION = YES;
				GCC_WARN_ABOUT_RETURN_TYPE = YES_ERROR;
				GCC_WARN_UNDECLARED_SELECTOR = YES;
				GCC_WARN_UNINITIALIZED_AUTOS = YES_AGGRESSIVE;
				GCC_WARN_UNUSED_FUNCTION = YES;
				GCC_WARN_UNUSED_VARIABLE = YES;
				IPHONEOS_DEPLOYMENT_TARGET = 18.2;
				LOCALIZATION_PREFERS_STRING_CATALOGS = YES;
				MTL_ENABLE_DEBUG_INFO = INCLUDE_SOURCE;
				MTL_FAST_MATH = YES;
				ONLY_ACTIVE_ARCH = YES;
				SDKROOT = iphoneos;
				SWIFT_ACTIVE_COMPILATION_CONDITIONS = "DEBUG $(inherited)";
				SWIFT_OPTIMIZATION_LEVEL = "-Onone";
			};
			name = Debug;
		};
		35D510282D7A5B6300789A0F /* Release */ = {
			isa = XCBuildConfiguration;
			buildSettings = {
				ALWAYS_SEARCH_USER_PATHS = NO;
				ASSETCATALOG_COMPILER_GENERATE_SWIFT_ASSET_SYMBOL_EXTENSIONS = YES;
				CLANG_ANALYZER_NONNULL = YES;
				CLANG_ANALYZER_NUMBER_OBJECT_CONVERSION = YES_AGGRESSIVE;
				CLANG_CXX_LANGUAGE_STANDARD = "gnu++20";
				CLANG_ENABLE_MODULES = YES;
				CLANG_ENABLE_OBJC_ARC = YES;
				CLANG_ENABLE_OBJC_WEAK = YES;
				CLANG_WARN_BLOCK_CAPTURE_AUTORELEASING = YES;
				CLANG_WARN_BOOL_CONVERSION = YES;
				CLANG_WARN_COMMA = YES;
				CLANG_WARN_CONSTANT_CONVERSION = YES;
				CLANG_WARN_DEPRECATED_OBJC_IMPLEMENTATIONS = YES;
				CLANG_WARN_DIRECT_OBJC_ISA_USAGE = YES_ERROR;
				CLANG_WARN_DOCUMENTATION_COMMENTS = YES;
				CLANG_WARN_EMPTY_BODY = YES;
				CLANG_WARN_ENUM_CONVERSION = YES;
				CLANG_WARN_INFINITE_RECURSION = YES;
				CLANG_WARN_INT_CONVERSION = YES;
				CLANG_WARN_NON_LITERAL_NULL_CONVERSION = YES;
				CLANG_WARN_OBJC_IMPLICIT_RETAIN_SELF = YES;
				CLANG_WARN_OBJC_LITERAL_CONVERSION = YES;
				CLANG_WARN_OBJC_ROOT_CLASS = YES_ERROR;
				CLANG_WARN_QUOTED_INCLUDE_IN_FRAMEWORK_HEADER = YES;
				CLANG_WARN_RANGE_LOOP_ANALYSIS = YES;
				CLANG_WARN_STRICT_PROTOTYPES = YES;
				CLANG_WARN_SUSPICIOUS_MOVE = YES;
				CLANG_WARN_UNGUARDED_AVAILABILITY = YES_AGGRESSIVE;
				CLANG_WARN_UNREACHABLE_CODE = YES;
				CLANG_WARN__DUPLICATE_METHOD_MATCH = YES;
				COPY_PHASE_STRIP = NO;
				DEBUG_INFORMATION_FORMAT = "dwarf-with-dsym";
				ENABLE_NS_ASSERTIONS = NO;
				ENABLE_STRICT_OBJC_MSGSEND = YES;
				ENABLE_USER_SCRIPT_SANDBOXING = YES;
				GCC_C_LANGUAGE_STANDARD = gnu17;
				GCC_NO_COMMON_BLOCKS = YES;
				GCC_WARN_64_TO_32_BIT_CONVERSION = YES;
				GCC_WARN_ABOUT_RETURN_TYPE = YES_ERROR;
				GCC_WARN_UNDECLARED_SELECTOR = YES;
				GCC_WARN_UNINITIALIZED_AUTOS = YES_AGGRESSIVE;
				GCC_WARN_UNUSED_FUNCTION = YES;
				GCC_WARN_UNUSED_VARIABLE = YES;
				IPHONEOS_DEPLOYMENT_TARGET = 18.2;
				LOCALIZATION_PREFERS_STRING_CATALOGS = YES;
				MTL_ENABLE_DEBUG_INFO = NO;
				MTL_FAST_MATH = YES;
				SDKROOT = iphoneos;
				SWIFT_COMPILATION_MODE = wholemodule;
				VALIDATE_PRODUCT = YES;
			};
			name = Release;
		};
		35D5102A2D7A5B6300789A0F /* Debug */ = {
			isa = XCBuildConfiguration;
			buildSettings = {
				ASSETCATALOG_COMPILER_APPICON_NAME = AppIcon;
				ASSETCATALOG_COMPILER_GLOBAL_ACCENT_COLOR_NAME = AccentColor;
				CODE_SIGN_STYLE = Automatic;
				CURRENT_PROJECT_VERSION = 1;
				DEVELOPMENT_ASSET_PATHS = "\"Smartnap/Preview Content\"";
				DEVELOPMENT_TEAM = AC5MB6RDY6;
				ENABLE_PREVIEWS = YES;
				GENERATE_INFOPLIST_FILE = YES;
				INFOPLIST_FILE = Smartnap/Info.plist;
				INFOPLIST_KEY_UIApplicationSceneManifest_Generation = YES;
				INFOPLIST_KEY_UIApplicationSupportsIndirectInputEvents = YES;
				INFOPLIST_KEY_UILaunchScreen_Generation = YES;
				INFOPLIST_KEY_UISupportedInterfaceOrientations_iPad = "UIInterfaceOrientationPortrait UIInterfaceOrientationPortraitUpsideDown UIInterfaceOrientationLandscapeLeft UIInterfaceOrientationLandscapeRight";
				INFOPLIST_KEY_UISupportedInterfaceOrientations_iPhone = "UIInterfaceOrientationPortrait UIInterfaceOrientationLandscapeLeft UIInterfaceOrientationLandscapeRight";
				LD_RUNPATH_SEARCH_PATHS = (
					"$(inherited)",
					"@executable_path/Frameworks",
				);
				MARKETING_VERSION = 1.0;
				PRODUCT_BUNDLE_IDENTIFIER = com.Smartnap;
				PRODUCT_NAME = "$(TARGET_NAME)";
				SWIFT_EMIT_LOC_STRINGS = YES;
				SWIFT_VERSION = 5.0;
				TARGETED_DEVICE_FAMILY = "1,2";
			};
			name = Debug;
		};
		35D5102B2D7A5B6300789A0F /* Release */ = {
			isa = XCBuildConfiguration;
			buildSettings = {
				ASSETCATALOG_COMPILER_APPICON_NAME = AppIcon;
				ASSETCATALOG_COMPILER_GLOBAL_ACCENT_COLOR_NAME = AccentColor;
				CODE_SIGN_STYLE = Automatic;
				CURRENT_PROJECT_VERSION = 1;
				DEVELOPMENT_ASSET_PATHS = "\"Smartnap/Preview Content\"";
				DEVELOPMENT_TEAM = AC5MB6RDY6;
				ENABLE_PREVIEWS = YES;
				GENERATE_INFOPLIST_FILE = YES;
				INFOPLIST_FILE = Smartnap/Info.plist;
				INFOPLIST_KEY_UIApplicationSceneManifest_Generation = YES;
				INFOPLIST_KEY_UIApplicationSupportsIndirectInputEvents = YES;
				INFOPLIST_KEY_UILaunchScreen_Generation = YES;
				INFOPLIST_KEY_UISupportedInterfaceOrientations_iPad = "UIInterfaceOrientationPortrait UIInterfaceOrientationPortraitUpsideDown UIInterfaceOrientationLandscapeLeft UIInterfaceOrientationLandscapeRight";
				INFOPLIST_KEY_UISupportedInterfaceOrientations_iPhone = "UIInterfaceOrientationPortrait UIInterfaceOrientationLandscapeLeft UIInterfaceOrientationLandscapeRight";
				LD_RUNPATH_SEARCH_PATHS = (
					"$(inherited)",
					"@executable_path/Frameworks",
				);
				MARKETING_VERSION = 1.0;
				PRODUCT_BUNDLE_IDENTIFIER = com.Smartnap;
				PRODUCT_NAME = "$(TARGET_NAME)";
				SWIFT_EMIT_LOC_STRINGS = YES;
				SWIFT_VERSION = 5.0;
				TARGETED_DEVICE_FAMILY = "1,2";
			};
			name = Release;
		};
		35D5102D2D7A5B6300789A0F /* Debug */ = {
			isa = XCBuildConfiguration;
			buildSettings = {
				BUNDLE_LOADER = "$(TEST_HOST)";
				CODE_SIGN_STYLE = Automatic;
				CURRENT_PROJECT_VERSION = 1;
				DEVELOPMENT_TEAM = AC5MB6RDY6;
				GENERATE_INFOPLIST_FILE = YES;
				IPHONEOS_DEPLOYMENT_TARGET = 18.2;
				MARKETING_VERSION = 1.0;
				PRODUCT_BUNDLE_IDENTIFIER = com.SmartnapTests;
				PRODUCT_NAME = "$(TARGET_NAME)";
				SWIFT_EMIT_LOC_STRINGS = NO;
				SWIFT_VERSION = 5.0;
				TARGETED_DEVICE_FAMILY = "1,2";
				TEST_HOST = "$(BUILT_PRODUCTS_DIR)/Smartnap.app/$(BUNDLE_EXECUTABLE_FOLDER_PATH)/Smartnap";
			};
			name = Debug;
		};
		35D5102E2D7A5B6300789A0F /* Release */ = {
			isa = XCBuildConfiguration;
			buildSettings = {
				BUNDLE_LOADER = "$(TEST_HOST)";
				CODE_SIGN_STYLE = Automatic;
				CURRENT_PROJECT_VERSION = 1;
				DEVELOPMENT_TEAM = AC5MB6RDY6;
				GENERATE_INFOPLIST_FILE = YES;
				IPHONEOS_DEPLOYMENT_TARGET = 18.2;
				MARKETING_VERSION = 1.0;
				PRODUCT_BUNDLE_IDENTIFIER = com.SmartnapTests;
				PRODUCT_NAME = "$(TARGET_NAME)";
				SWIFT_EMIT_LOC_STRINGS = NO;
				SWIFT_VERSION = 5.0;
				TARGETED_DEVICE_FAMILY = "1,2";
				TEST_HOST = "$(BUILT_PRODUCTS_DIR)/Smartnap.app/$(BUNDLE_EXECUTABLE_FOLDER_PATH)/Smartnap";
			};
			name = Release;
		};
		35D510302D7A5B6300789A0F /* Debug */ = {
			isa = XCBuildConfiguration;
			buildSettings = {
				CODE_SIGN_STYLE = Automatic;
				CURRENT_PROJECT_VERSION = 1;
				DEVELOPMENT_TEAM = AC5MB6RDY6;
				GENERATE_INFOPLIST_FILE = YES;
				MARKETING_VERSION = 1.0;
				PRODUCT_BUNDLE_IDENTIFIER = com.SmartnapUITests;
				PRODUCT_NAME = "$(TARGET_NAME)";
				SWIFT_EMIT_LOC_STRINGS = NO;
				SWIFT_VERSION = 5.0;
				TARGETED_DEVICE_FAMILY = "1,2";
				TEST_TARGET_NAME = Smartnap;
			};
			name = Debug;
		};
		35D510312D7A5B6300789A0F /* Release */ = {
			isa = XCBuildConfiguration;
			buildSettings = {
				CODE_SIGN_STYLE = Automatic;
				CURRENT_PROJECT_VERSION = 1;
				DEVELOPMENT_TEAM = AC5MB6RDY6;
				GENERATE_INFOPLIST_FILE = YES;
				MARKETING_VERSION = 1.0;
				PRODUCT_BUNDLE_IDENTIFIER = com.SmartnapUITests;
				PRODUCT_NAME = "$(TARGET_NAME)";
				SWIFT_EMIT_LOC_STRINGS = NO;
				SWIFT_VERSION = 5.0;
				TARGETED_DEVICE_FAMILY = "1,2";
				TEST_TARGET_NAME = Smartnap;
			};
			name = Release;
		};
/* End XCBuildConfiguration section */

/* Begin XCConfigurationList section */
		35D510002D7A5B6100789A0F /* Build configuration list for PBXProject "Smartnap" */ = {
			isa = XCConfigurationList;
			buildConfigurations = (
				35D510272D7A5B6300789A0F /* Debug */,
				35D510282D7A5B6300789A0F /* Release */,
			);
			defaultConfigurationIsVisible = 0;
			defaultConfigurationName = Release;
		};
		35D510292D7A5B6300789A0F /* Build configuration list for PBXNativeTarget "Smartnap" */ = {
			isa = XCConfigurationList;
			buildConfigurations = (
				35D5102A2D7A5B6300789A0F /* Debug */,
				35D5102B2D7A5B6300789A0F /* Release */,
			);
			defaultConfigurationIsVisible = 0;
			defaultConfigurationName = Release;
		};
		35D5102C2D7A5B6300789A0F /* Build configuration list for PBXNativeTarget "SmartnapTests" */ = {
			isa = XCConfigurationList;
			buildConfigurations = (
				35D5102D2D7A5B6300789A0F /* Debug */,
				35D5102E2D7A5B6300789A0F /* Release */,
			);
			defaultConfigurationIsVisible = 0;
			defaultConfigurationName = Release;
		};
		35D5102F2D7A5B6300789A0F /* Build configuration list for PBXNativeTarget "SmartnapUITests" */ = {
			isa = XCConfigurationList;
			buildConfigurations = (
				35D510302D7A5B6300789A0F /* Debug */,
				35D510312D7A5B6300789A0F /* Release */,
			);
			defaultConfigurationIsVisible = 0;
			defaultConfigurationName = Release;
		};
/* End XCConfigurationList section */
	};
	rootObject = 35D50FFD2D7A5B6100789A0F /* Project object */;
}
